// !$*UTF8*$!
{
	archiveVersion = 1;
	classes = {
	};
	objectVersion = 50;
	objects = {

/* Begin PBXBuildFile section */
		CC0B32232379E6390059AED5 /* AppDelegate.m in Sources */ = {isa = PBXBuildFile; fileRef = CC0B32222379E6390059AED5 /* AppDelegate.m */; };
		CC0B32262379E6390059AED5 /* ViewController.mm in Sources */ = {isa = PBXBuildFile; fileRef = CC0B32252379E6390059AED5 /* ViewController.mm */; };
		CC0B32292379E6390059AED5 /* TZXTool.xcdatamodeld in Sources */ = {isa = PBXBuildFile; fileRef = CC0B32272379E6390059AED5 /* TZXTool.xcdatamodeld */; };
		CC0B322B2379E63A0059AED5 /* Assets.xcassets in Resources */ = {isa = PBXBuildFile; fileRef = CC0B322A2379E63A0059AED5 /* Assets.xcassets */; };
		CC0B322E2379E63A0059AED5 /* Main.storyboard in Resources */ = {isa = PBXBuildFile; fileRef = CC0B322C2379E63A0059AED5 /* Main.storyboard */; };
		CC0B32312379E63A0059AED5 /* main.m in Sources */ = {isa = PBXBuildFile; fileRef = CC0B32302379E63A0059AED5 /* main.m */; };
		CCD7D3772387E1E300F5B545 /* TZXBlockPulseSequence.cpp in Sources */ = {isa = PBXBuildFile; fileRef = CCD7D3512387E1E200F5B545 /* TZXBlockPulseSequence.cpp */; };
		CCD7D3782387E1E300F5B545 /* TZXBlockArchiveInfo.cpp in Sources */ = {isa = PBXBuildFile; fileRef = CCD7D3522387E1E200F5B545 /* TZXBlockArchiveInfo.cpp */; };
		CCD7D3792387E1E300F5B545 /* TZXBlockPureTone.cpp in Sources */ = {isa = PBXBuildFile; fileRef = CCD7D3542387E1E200F5B545 /* TZXBlockPureTone.cpp */; };
		CCD7D37A2387E1E300F5B545 /* TZXBlock.cpp in Sources */ = {isa = PBXBuildFile; fileRef = CCD7D3562387E1E200F5B545 /* TZXBlock.cpp */; };
		CCD7D37B2387E1E300F5B545 /* TZXBlockPause.cpp in Sources */ = {isa = PBXBuildFile; fileRef = CCD7D3572387E1E200F5B545 /* TZXBlockPause.cpp */; };
		CCD7D37C2387E1E300F5B545 /* TZXBlockMessage.cpp in Sources */ = {isa = PBXBuildFile; fileRef = CCD7D3582387E1E200F5B545 /* TZXBlockMessage.cpp */; };
		CCD7D37D2387E1E300F5B545 /* TZXFile.cpp in Sources */ = {isa = PBXBuildFile; fileRef = CCD7D35B2387E1E200F5B545 /* TZXFile.cpp */; };
		CCD7D37E2387E1E300F5B545 /* TZXBlockHardwareType.cpp in Sources */ = {isa = PBXBuildFile; fileRef = CCD7D35C2387E1E200F5B545 /* TZXBlockHardwareType.cpp */; };
		CCD7D37F2387E1E300F5B545 /* TZXBlockTurboSpeedData.cpp in Sources */ = {isa = PBXBuildFile; fileRef = CCD7D35D2387E1E200F5B545 /* TZXBlockTurboSpeedData.cpp */; };
		CCD7D3802387E1E300F5B545 /* TZXBlockGroupStart.cpp in Sources */ = {isa = PBXBuildFile; fileRef = CCD7D35F2387E1E200F5B545 /* TZXBlockGroupStart.cpp */; };
		CCD7D3812387E1E300F5B545 /* TZXBlockGroupEnd.cpp in Sources */ = {isa = PBXBuildFile; fileRef = CCD7D3642387E1E200F5B545 /* TZXBlockGroupEnd.cpp */; };
		CCD7D3822387E1E300F5B545 /* TZXBlockStopTheTape48K.cpp in Sources */ = {isa = PBXBuildFile; fileRef = CCD7D3672387E1E300F5B545 /* TZXBlockStopTheTape48K.cpp */; };
		CCD7D3832387E1E300F5B545 /* TZXBlockTextDescription.cpp in Sources */ = {isa = PBXBuildFile; fileRef = CCD7D3682387E1E300F5B545 /* TZXBlockTextDescription.cpp */; };
		CCD7D3842387E1E300F5B545 /* TZXBlockCustomInfo.cpp in Sources */ = {isa = PBXBuildFile; fileRef = CCD7D36A2387E1E300F5B545 /* TZXBlockCustomInfo.cpp */; };
		CCD7D3852387E1E300F5B545 /* TZXBlockLoopEnd.cpp in Sources */ = {isa = PBXBuildFile; fileRef = CCD7D36C2387E1E300F5B545 /* TZXBlockLoopEnd.cpp */; };
		CCD7D3862387E1E300F5B545 /* TZXAudioGenerator.cpp in Sources */ = {isa = PBXBuildFile; fileRef = CCD7D36E2387E1E300F5B545 /* TZXAudioGenerator.cpp */; };
		CCD7D3872387E1E300F5B545 /* TZXBlockStandardSpeedData.cpp in Sources */ = {isa = PBXBuildFile; fileRef = CCD7D36F2387E1E300F5B545 /* TZXBlockStandardSpeedData.cpp */; };
		CCD7D3882387E1E300F5B545 /* TZXBlockPureData.cpp in Sources */ = {isa = PBXBuildFile; fileRef = CCD7D3722387E1E300F5B545 /* TZXBlockPureData.cpp */; };
		CCD7D3892387E1E300F5B545 /* TZXBlockLoopStart.cpp in Sources */ = {isa = PBXBuildFile; fileRef = CCD7D3742387E1E300F5B545 /* TZXBlockLoopStart.cpp */; };
/* End PBXBuildFile section */

/* Begin PBXFileReference section */
		CC0B321E2379E6390059AED5 /* TZXTool.app */ = {isa = PBXFileReference; explicitFileType = wrapper.application; includeInIndex = 0; path = TZXTool.app; sourceTree = BUILT_PRODUCTS_DIR; };
		CC0B32212379E6390059AED5 /* AppDelegate.h */ = {isa = PBXFileReference; lastKnownFileType = sourcecode.c.h; path = AppDelegate.h; sourceTree = "<group>"; };
		CC0B32222379E6390059AED5 /* AppDelegate.m */ = {isa = PBXFileReference; lastKnownFileType = sourcecode.c.objc; path = AppDelegate.m; sourceTree = "<group>"; };
		CC0B32242379E6390059AED5 /* ViewController.h */ = {isa = PBXFileReference; lastKnownFileType = sourcecode.c.h; path = ViewController.h; sourceTree = "<group>"; };
		CC0B32252379E6390059AED5 /* ViewController.mm */ = {isa = PBXFileReference; lastKnownFileType = sourcecode.cpp.objcpp; path = ViewController.mm; sourceTree = "<group>"; };
		CC0B32282379E6390059AED5 /* TZXTool.xcdatamodel */ = {isa = PBXFileReference; lastKnownFileType = wrapper.xcdatamodel; path = TZXTool.xcdatamodel; sourceTree = "<group>"; };
		CC0B322A2379E63A0059AED5 /* Assets.xcassets */ = {isa = PBXFileReference; lastKnownFileType = folder.assetcatalog; path = Assets.xcassets; sourceTree = "<group>"; };
		CC0B322D2379E63A0059AED5 /* Base */ = {isa = PBXFileReference; lastKnownFileType = file.storyboard; name = Base; path = Base.lproj/Main.storyboard; sourceTree = "<group>"; };
		CC0B322F2379E63A0059AED5 /* Info.plist */ = {isa = PBXFileReference; lastKnownFileType = text.plist.xml; path = Info.plist; sourceTree = "<group>"; };
		CC0B32302379E63A0059AED5 /* main.m */ = {isa = PBXFileReference; lastKnownFileType = sourcecode.c.objc; path = main.m; sourceTree = "<group>"; };
		CC0B32322379E63A0059AED5 /* TZXTool.entitlements */ = {isa = PBXFileReference; lastKnownFileType = text.plist.entitlements; path = TZXTool.entitlements; sourceTree = "<group>"; };
		CCD7D3512387E1E200F5B545 /* TZXBlockPulseSequence.cpp */ = {isa = PBXFileReference; fileEncoding = 4; lastKnownFileType = sourcecode.cpp.cpp; path = TZXBlockPulseSequence.cpp; sourceTree = "<group>"; };
		CCD7D3522387E1E200F5B545 /* TZXBlockArchiveInfo.cpp */ = {isa = PBXFileReference; fileEncoding = 4; lastKnownFileType = sourcecode.cpp.cpp; path = TZXBlockArchiveInfo.cpp; sourceTree = "<group>"; };
		CCD7D3532387E1E200F5B545 /* TZXBlockPureData.h */ = {isa = PBXFileReference; fileEncoding = 4; lastKnownFileType = sourcecode.c.h; path = TZXBlockPureData.h; sourceTree = "<group>"; };
		CCD7D3542387E1E200F5B545 /* TZXBlockPureTone.cpp */ = {isa = PBXFileReference; fileEncoding = 4; lastKnownFileType = sourcecode.cpp.cpp; path = TZXBlockPureTone.cpp; sourceTree = "<group>"; };
		CCD7D3552387E1E200F5B545 /* TZXAudioGenerator.h */ = {isa = PBXFileReference; fileEncoding = 4; lastKnownFileType = sourcecode.c.h; path = TZXAudioGenerator.h; sourceTree = "<group>"; };
		CCD7D3562387E1E200F5B545 /* TZXBlock.cpp */ = {isa = PBXFileReference; fileEncoding = 4; lastKnownFileType = sourcecode.cpp.cpp; path = TZXBlock.cpp; sourceTree = "<group>"; };
		CCD7D3572387E1E200F5B545 /* TZXBlockPause.cpp */ = {isa = PBXFileReference; fileEncoding = 4; lastKnownFileType = sourcecode.cpp.cpp; path = TZXBlockPause.cpp; sourceTree = "<group>"; };
		CCD7D3582387E1E200F5B545 /* TZXBlockMessage.cpp */ = {isa = PBXFileReference; fileEncoding = 4; lastKnownFileType = sourcecode.cpp.cpp; path = TZXBlockMessage.cpp; sourceTree = "<group>"; };
		CCD7D3592387E1E200F5B545 /* TZXBlock.h */ = {isa = PBXFileReference; fileEncoding = 4; lastKnownFileType = sourcecode.c.h; path = TZXBlock.h; sourceTree = "<group>"; };
		CCD7D35A2387E1E200F5B545 /* TZXBlockStopTheTape48K.h */ = {isa = PBXFileReference; fileEncoding = 4; lastKnownFileType = sourcecode.c.h; path = TZXBlockStopTheTape48K.h; sourceTree = "<group>"; };
		CCD7D35B2387E1E200F5B545 /* TZXFile.cpp */ = {isa = PBXFileReference; fileEncoding = 4; lastKnownFileType = sourcecode.cpp.cpp; path = TZXFile.cpp; sourceTree = "<group>"; };
		CCD7D35C2387E1E200F5B545 /* TZXBlockHardwareType.cpp */ = {isa = PBXFileReference; fileEncoding = 4; lastKnownFileType = sourcecode.cpp.cpp; path = TZXBlockHardwareType.cpp; sourceTree = "<group>"; };
		CCD7D35D2387E1E200F5B545 /* TZXBlockTurboSpeedData.cpp */ = {isa = PBXFileReference; fileEncoding = 4; lastKnownFileType = sourcecode.cpp.cpp; path = TZXBlockTurboSpeedData.cpp; sourceTree = "<group>"; };
		CCD7D35E2387E1E200F5B545 /* TZXBlockPulseSequence.h */ = {isa = PBXFileReference; fileEncoding = 4; lastKnownFileType = sourcecode.c.h; path = TZXBlockPulseSequence.h; sourceTree = "<group>"; };
		CCD7D35F2387E1E200F5B545 /* TZXBlockGroupStart.cpp */ = {isa = PBXFileReference; fileEncoding = 4; lastKnownFileType = sourcecode.cpp.cpp; path = TZXBlockGroupStart.cpp; sourceTree = "<group>"; };
		CCD7D3602387E1E200F5B545 /* TZXBlockStandardSpeedData.h */ = {isa = PBXFileReference; fileEncoding = 4; lastKnownFileType = sourcecode.c.h; path = TZXBlockStandardSpeedData.h; sourceTree = "<group>"; };
		CCD7D3612387E1E200F5B545 /* TZXBlockTextDescription.h */ = {isa = PBXFileReference; fileEncoding = 4; lastKnownFileType = sourcecode.c.h; path = TZXBlockTextDescription.h; sourceTree = "<group>"; };
		CCD7D3622387E1E200F5B545 /* TZXBlockLoopStart.h */ = {isa = PBXFileReference; fileEncoding = 4; lastKnownFileType = sourcecode.c.h; path = TZXBlockLoopStart.h; sourceTree = "<group>"; };
		CCD7D3632387E1E200F5B545 /* TZXFile.h */ = {isa = PBXFileReference; fileEncoding = 4; lastKnownFileType = sourcecode.c.h; path = TZXFile.h; sourceTree = "<group>"; };
		CCD7D3642387E1E200F5B545 /* TZXBlockGroupEnd.cpp */ = {isa = PBXFileReference; fileEncoding = 4; lastKnownFileType = sourcecode.cpp.cpp; path = TZXBlockGroupEnd.cpp; sourceTree = "<group>"; };
		CCD7D3652387E1E200F5B545 /* TZXBlockPureTone.h */ = {isa = PBXFileReference; fileEncoding = 4; lastKnownFileType = sourcecode.c.h; path = TZXBlockPureTone.h; sourceTree = "<group>"; };
		CCD7D3662387E1E300F5B545 /* TZXBlockLoopEnd.h */ = {isa = PBXFileReference; fileEncoding = 4; lastKnownFileType = sourcecode.c.h; path = TZXBlockLoopEnd.h; sourceTree = "<group>"; };
		CCD7D3672387E1E300F5B545 /* TZXBlockStopTheTape48K.cpp */ = {isa = PBXFileReference; fileEncoding = 4; lastKnownFileType = sourcecode.cpp.cpp; path = TZXBlockStopTheTape48K.cpp; sourceTree = "<group>"; };
		CCD7D3682387E1E300F5B545 /* TZXBlockTextDescription.cpp */ = {isa = PBXFileReference; fileEncoding = 4; lastKnownFileType = sourcecode.cpp.cpp; path = TZXBlockTextDescription.cpp; sourceTree = "<group>"; };
		CCD7D3692387E1E300F5B545 /* TZXBlockMessage.h */ = {isa = PBXFileReference; fileEncoding = 4; lastKnownFileType = sourcecode.c.h; path = TZXBlockMessage.h; sourceTree = "<group>"; };
		CCD7D36A2387E1E300F5B545 /* TZXBlockCustomInfo.cpp */ = {isa = PBXFileReference; fileEncoding = 4; lastKnownFileType = sourcecode.cpp.cpp; path = TZXBlockCustomInfo.cpp; sourceTree = "<group>"; };
		CCD7D36B2387E1E300F5B545 /* TZXBlockGroupEnd.h */ = {isa = PBXFileReference; fileEncoding = 4; lastKnownFileType = sourcecode.c.h; path = TZXBlockGroupEnd.h; sourceTree = "<group>"; };
		CCD7D36C2387E1E300F5B545 /* TZXBlockLoopEnd.cpp */ = {isa = PBXFileReference; fileEncoding = 4; lastKnownFileType = sourcecode.cpp.cpp; path = TZXBlockLoopEnd.cpp; sourceTree = "<group>"; };
		CCD7D36D2387E1E300F5B545 /* TZXBlockHardwareType.h */ = {isa = PBXFileReference; fileEncoding = 4; lastKnownFileType = sourcecode.c.h; path = TZXBlockHardwareType.h; sourceTree = "<group>"; };
		CCD7D36E2387E1E300F5B545 /* TZXAudioGenerator.cpp */ = {isa = PBXFileReference; fileEncoding = 4; lastKnownFileType = sourcecode.cpp.cpp; path = TZXAudioGenerator.cpp; sourceTree = "<group>"; };
		CCD7D36F2387E1E300F5B545 /* TZXBlockStandardSpeedData.cpp */ = {isa = PBXFileReference; fileEncoding = 4; lastKnownFileType = sourcecode.cpp.cpp; path = TZXBlockStandardSpeedData.cpp; sourceTree = "<group>"; };
		CCD7D3702387E1E300F5B545 /* TZXBlockPause.h */ = {isa = PBXFileReference; fileEncoding = 4; lastKnownFileType = sourcecode.c.h; path = TZXBlockPause.h; sourceTree = "<group>"; };
		CCD7D3712387E1E300F5B545 /* TZXBlockArchiveInfo.h */ = {isa = PBXFileReference; fileEncoding = 4; lastKnownFileType = sourcecode.c.h; path = TZXBlockArchiveInfo.h; sourceTree = "<group>"; };
		CCD7D3722387E1E300F5B545 /* TZXBlockPureData.cpp */ = {isa = PBXFileReference; fileEncoding = 4; lastKnownFileType = sourcecode.cpp.cpp; path = TZXBlockPureData.cpp; sourceTree = "<group>"; };
		CCD7D3732387E1E300F5B545 /* TZXBlockTurboSpeedData.h */ = {isa = PBXFileReference; fileEncoding = 4; lastKnownFileType = sourcecode.c.h; path = TZXBlockTurboSpeedData.h; sourceTree = "<group>"; };
		CCD7D3742387E1E300F5B545 /* TZXBlockLoopStart.cpp */ = {isa = PBXFileReference; fileEncoding = 4; lastKnownFileType = sourcecode.cpp.cpp; path = TZXBlockLoopStart.cpp; sourceTree = "<group>"; };
		CCD7D3752387E1E300F5B545 /* TZXBlockCustomInfo.h */ = {isa = PBXFileReference; fileEncoding = 4; lastKnownFileType = sourcecode.c.h; path = TZXBlockCustomInfo.h; sourceTree = "<group>"; };
		CCD7D3762387E1E300F5B545 /* TZXBlockGroupStart.h */ = {isa = PBXFileReference; fileEncoding = 4; lastKnownFileType = sourcecode.c.h; path = TZXBlockGroupStart.h; sourceTree = "<group>"; };
/* End PBXFileReference section */

/* Begin PBXFrameworksBuildPhase section */
		CC0B321B2379E6390059AED5 /* Frameworks */ = {
			isa = PBXFrameworksBuildPhase;
			buildActionMask = 2147483647;
			files = (
			);
			runOnlyForDeploymentPostprocessing = 0;
		};
/* End PBXFrameworksBuildPhase section */

/* Begin PBXGroup section */
		CC0B32152379E6390059AED5 = {
			isa = PBXGroup;
			children = (
				CC0B32202379E6390059AED5 /* TZXTool */,
				CC0B321F2379E6390059AED5 /* Products */,
			);
			sourceTree = "<group>";
		};
		CC0B321F2379E6390059AED5 /* Products */ = {
			isa = PBXGroup;
			children = (
				CC0B321E2379E6390059AED5 /* TZXTool.app */,
			);
			name = Products;
			sourceTree = "<group>";
		};
		CC0B32202379E6390059AED5 /* TZXTool */ = {
			isa = PBXGroup;
			children = (
				CCB3BAA723873108002DCE00 /* TZXFile */,
				CC0B32212379E6390059AED5 /* AppDelegate.h */,
				CC0B32222379E6390059AED5 /* AppDelegate.m */,
				CC0B32242379E6390059AED5 /* ViewController.h */,
				CC0B32252379E6390059AED5 /* ViewController.mm */,
				CC0B322A2379E63A0059AED5 /* Assets.xcassets */,
				CC0B322C2379E63A0059AED5 /* Main.storyboard */,
				CC0B322F2379E63A0059AED5 /* Info.plist */,
				CC0B32302379E63A0059AED5 /* main.m */,
				CC0B32322379E63A0059AED5 /* TZXTool.entitlements */,
				CC0B32272379E6390059AED5 /* TZXTool.xcdatamodeld */,
			);
			path = TZXTool;
			sourceTree = "<group>";
		};
		CCB3BAA723873108002DCE00 /* TZXFile */ = {
			isa = PBXGroup;
			children = (
				CCD7D36E2387E1E300F5B545 /* TZXAudioGenerator.cpp */,
				CCD7D3552387E1E200F5B545 /* TZXAudioGenerator.h */,
				CCD7D3562387E1E200F5B545 /* TZXBlock.cpp */,
				CCD7D3592387E1E200F5B545 /* TZXBlock.h */,
				CCD7D3522387E1E200F5B545 /* TZXBlockArchiveInfo.cpp */,
				CCD7D3712387E1E300F5B545 /* TZXBlockArchiveInfo.h */,
				CCD7D36A2387E1E300F5B545 /* TZXBlockCustomInfo.cpp */,
				CCD7D3752387E1E300F5B545 /* TZXBlockCustomInfo.h */,
				CCD7D3642387E1E200F5B545 /* TZXBlockGroupEnd.cpp */,
				CCD7D36B2387E1E300F5B545 /* TZXBlockGroupEnd.h */,
				CCD7D35F2387E1E200F5B545 /* TZXBlockGroupStart.cpp */,
				CCD7D3762387E1E300F5B545 /* TZXBlockGroupStart.h */,
				CCD7D35C2387E1E200F5B545 /* TZXBlockHardwareType.cpp */,
				CCD7D36D2387E1E300F5B545 /* TZXBlockHardwareType.h */,
				CCD7D36C2387E1E300F5B545 /* TZXBlockLoopEnd.cpp */,
				CCD7D3662387E1E300F5B545 /* TZXBlockLoopEnd.h */,
				CCD7D3742387E1E300F5B545 /* TZXBlockLoopStart.cpp */,
				CCD7D3622387E1E200F5B545 /* TZXBlockLoopStart.h */,
				CCD7D3582387E1E200F5B545 /* TZXBlockMessage.cpp */,
				CCD7D3692387E1E300F5B545 /* TZXBlockMessage.h */,
				CCD7D3572387E1E200F5B545 /* TZXBlockPause.cpp */,
				CCD7D3702387E1E300F5B545 /* TZXBlockPause.h */,
				CCD7D3512387E1E200F5B545 /* TZXBlockPulseSequence.cpp */,
				CCD7D35E2387E1E200F5B545 /* TZXBlockPulseSequence.h */,
				CCD7D3722387E1E300F5B545 /* TZXBlockPureData.cpp */,
				CCD7D3532387E1E200F5B545 /* TZXBlockPureData.h */,
				CCD7D3542387E1E200F5B545 /* TZXBlockPureTone.cpp */,
				CCD7D3652387E1E200F5B545 /* TZXBlockPureTone.h */,
				CCD7D36F2387E1E300F5B545 /* TZXBlockStandardSpeedData.cpp */,
				CCD7D3602387E1E200F5B545 /* TZXBlockStandardSpeedData.h */,
				CCD7D3672387E1E300F5B545 /* TZXBlockStopTheTape48K.cpp */,
				CCD7D35A2387E1E200F5B545 /* TZXBlockStopTheTape48K.h */,
				CCD7D3682387E1E300F5B545 /* TZXBlockTextDescription.cpp */,
				CCD7D3612387E1E200F5B545 /* TZXBlockTextDescription.h */,
				CCD7D35D2387E1E200F5B545 /* TZXBlockTurboSpeedData.cpp */,
				CCD7D3732387E1E300F5B545 /* TZXBlockTurboSpeedData.h */,
				CCD7D35B2387E1E200F5B545 /* TZXFile.cpp */,
				CCD7D3632387E1E200F5B545 /* TZXFile.h */,
			);
			path = TZXFile;
			sourceTree = "<group>";
		};
/* End PBXGroup section */

/* Begin PBXNativeTarget section */
		CC0B321D2379E6390059AED5 /* TZXTool */ = {
			isa = PBXNativeTarget;
			buildConfigurationList = CC0B32352379E63A0059AED5 /* Build configuration list for PBXNativeTarget "TZXTool" */;
			buildPhases = (
				CC0B321A2379E6390059AED5 /* Sources */,
				CC0B321B2379E6390059AED5 /* Frameworks */,
				CC0B321C2379E6390059AED5 /* Resources */,
			);
			buildRules = (
			);
			dependencies = (
			);
			name = TZXTool;
			productName = TZXTool;
			productReference = CC0B321E2379E6390059AED5 /* TZXTool.app */;
			productType = "com.apple.product-type.application";
		};
/* End PBXNativeTarget section */

/* Begin PBXProject section */
		CC0B32162379E6390059AED5 /* Project object */ = {
			isa = PBXProject;
			attributes = {
				LastUpgradeCheck = 1120;
				ORGANIZATIONNAME = "OhCrikey!";
				TargetAttributes = {
					CC0B321D2379E6390059AED5 = {
						CreatedOnToolsVersion = 11.2;
					};
				};
			};
			buildConfigurationList = CC0B32192379E6390059AED5 /* Build configuration list for PBXProject "TZXTool" */;
			compatibilityVersion = "Xcode 9.3";
			developmentRegion = en;
			hasScannedForEncodings = 0;
			knownRegions = (
				en,
				Base,
			);
			mainGroup = CC0B32152379E6390059AED5;
			productRefGroup = CC0B321F2379E6390059AED5 /* Products */;
			projectDirPath = "";
			projectRoot = "";
			targets = (
				CC0B321D2379E6390059AED5 /* TZXTool */,
			);
		};
/* End PBXProject section */

/* Begin PBXResourcesBuildPhase section */
		CC0B321C2379E6390059AED5 /* Resources */ = {
			isa = PBXResourcesBuildPhase;
			buildActionMask = 2147483647;
			files = (
				CC0B322B2379E63A0059AED5 /* Assets.xcassets in Resources */,
				CC0B322E2379E63A0059AED5 /* Main.storyboard in Resources */,
			);
			runOnlyForDeploymentPostprocessing = 0;
		};
/* End PBXResourcesBuildPhase section */

/* Begin PBXSourcesBuildPhase section */
		CC0B321A2379E6390059AED5 /* Sources */ = {
			isa = PBXSourcesBuildPhase;
			buildActionMask = 2147483647;
			files = (
				CCD7D3842387E1E300F5B545 /* TZXBlockCustomInfo.cpp in Sources */,
				CCD7D37E2387E1E300F5B545 /* TZXBlockHardwareType.cpp in Sources */,
				CCD7D3792387E1E300F5B545 /* TZXBlockPureTone.cpp in Sources */,
				CCD7D37B2387E1E300F5B545 /* TZXBlockPause.cpp in Sources */,
				CCD7D3802387E1E300F5B545 /* TZXBlockGroupStart.cpp in Sources */,
				CCD7D3822387E1E300F5B545 /* TZXBlockStopTheTape48K.cpp in Sources */,
				CCD7D3852387E1E300F5B545 /* TZXBlockLoopEnd.cpp in Sources */,
				CCD7D3872387E1E300F5B545 /* TZXBlockStandardSpeedData.cpp in Sources */,
				CC0B32262379E6390059AED5 /* ViewController.mm in Sources */,
				CC0B32232379E6390059AED5 /* AppDelegate.m in Sources */,
				CC0B32312379E63A0059AED5 /* main.m in Sources */,
				CCD7D3832387E1E300F5B545 /* TZXBlockTextDescription.cpp in Sources */,
				CCD7D3772387E1E300F5B545 /* TZXBlockPulseSequence.cpp in Sources */,
				CCD7D37F2387E1E300F5B545 /* TZXBlockTurboSpeedData.cpp in Sources */,
				CCD7D3862387E1E300F5B545 /* TZXAudioGenerator.cpp in Sources */,
				CCD7D37C2387E1E300F5B545 /* TZXBlockMessage.cpp in Sources */,
				CCD7D3812387E1E300F5B545 /* TZXBlockGroupEnd.cpp in Sources */,
				CC0B32292379E6390059AED5 /* TZXTool.xcdatamodeld in Sources */,
				CCD7D3782387E1E300F5B545 /* TZXBlockArchiveInfo.cpp in Sources */,
				CCD7D3882387E1E300F5B545 /* TZXBlockPureData.cpp in Sources */,
				CCD7D37D2387E1E300F5B545 /* TZXFile.cpp in Sources */,
				CCD7D37A2387E1E300F5B545 /* TZXBlock.cpp in Sources */,
				CCD7D3892387E1E300F5B545 /* TZXBlockLoopStart.cpp in Sources */,
			);
			runOnlyForDeploymentPostprocessing = 0;
		};
/* End PBXSourcesBuildPhase section */

/* Begin PBXVariantGroup section */
		CC0B322C2379E63A0059AED5 /* Main.storyboard */ = {
			isa = PBXVariantGroup;
			children = (
				CC0B322D2379E63A0059AED5 /* Base */,
			);
			name = Main.storyboard;
			sourceTree = "<group>";
		};
/* End PBXVariantGroup section */

/* Begin XCBuildConfiguration section */
		CC0B32332379E63A0059AED5 /* Debug */ = {
			isa = XCBuildConfiguration;
			buildSettings = {
				ALWAYS_SEARCH_USER_PATHS = NO;
				CLANG_ANALYZER_NONNULL = YES;
				CLANG_ANALYZER_NUMBER_OBJECT_CONVERSION = YES_AGGRESSIVE;
				CLANG_CXX_LANGUAGE_STANDARD = "gnu++14";
				CLANG_CXX_LIBRARY = "libc++";
				CLANG_ENABLE_MODULES = YES;
				CLANG_ENABLE_OBJC_ARC = YES;
				CLANG_ENABLE_OBJC_WEAK = YES;
				CLANG_WARN_BLOCK_CAPTURE_AUTORELEASING = YES;
				CLANG_WARN_BOOL_CONVERSION = YES;
				CLANG_WARN_COMMA = YES;
				CLANG_WARN_CONSTANT_CONVERSION = YES;
				CLANG_WARN_DEPRECATED_OBJC_IMPLEMENTATIONS = YES;
				CLANG_WARN_DIRECT_OBJC_ISA_USAGE = YES_ERROR;
				CLANG_WARN_DOCUMENTATION_COMMENTS = YES;
				CLANG_WARN_EMPTY_BODY = YES;
				CLANG_WARN_ENUM_CONVERSION = YES;
				CLANG_WARN_INFINITE_RECURSION = YES;
				CLANG_WARN_INT_CONVERSION = YES;
				CLANG_WARN_NON_LITERAL_NULL_CONVERSION = YES;
				CLANG_WARN_OBJC_IMPLICIT_RETAIN_SELF = YES;
				CLANG_WARN_OBJC_LITERAL_CONVERSION = YES;
				CLANG_WARN_OBJC_ROOT_CLASS = YES_ERROR;
				CLANG_WARN_RANGE_LOOP_ANALYSIS = YES;
				CLANG_WARN_STRICT_PROTOTYPES = YES;
				CLANG_WARN_SUSPICIOUS_MOVE = YES;
				CLANG_WARN_UNGUARDED_AVAILABILITY = YES_AGGRESSIVE;
				CLANG_WARN_UNREACHABLE_CODE = YES;
				CLANG_WARN__DUPLICATE_METHOD_MATCH = YES;
				COPY_PHASE_STRIP = NO;
				DEBUG_INFORMATION_FORMAT = dwarf;
				ENABLE_STRICT_OBJC_MSGSEND = YES;
				ENABLE_TESTABILITY = YES;
				GCC_C_LANGUAGE_STANDARD = gnu11;
				GCC_DYNAMIC_NO_PIC = NO;
				GCC_NO_COMMON_BLOCKS = YES;
				GCC_OPTIMIZATION_LEVEL = 0;
				GCC_PREPROCESSOR_DEFINITIONS = (
					"DEBUG=1",
					"$(inherited)",
				);
				GCC_WARN_64_TO_32_BIT_CONVERSION = YES;
				GCC_WARN_ABOUT_RETURN_TYPE = YES_ERROR;
				GCC_WARN_UNDECLARED_SELECTOR = YES;
				GCC_WARN_UNINITIALIZED_AUTOS = YES_AGGRESSIVE;
				GCC_WARN_UNUSED_FUNCTION = YES;
				GCC_WARN_UNUSED_VARIABLE = YES;
				MACOSX_DEPLOYMENT_TARGET = 10.15;
				MTL_ENABLE_DEBUG_INFO = INCLUDE_SOURCE;
				MTL_FAST_MATH = YES;
				ONLY_ACTIVE_ARCH = YES;
				SDKROOT = macosx;
			};
			name = Debug;
		};
		CC0B32342379E63A0059AED5 /* Release */ = {
			isa = XCBuildConfiguration;
			buildSettings = {
				ALWAYS_SEARCH_USER_PATHS = NO;
				CLANG_ANALYZER_NONNULL = YES;
				CLANG_ANALYZER_NUMBER_OBJECT_CONVERSION = YES_AGGRESSIVE;
				CLANG_CXX_LANGUAGE_STANDARD = "gnu++14";
				CLANG_CXX_LIBRARY = "libc++";
				CLANG_ENABLE_MODULES = YES;
				CLANG_ENABLE_OBJC_ARC = YES;
				CLANG_ENABLE_OBJC_WEAK = YES;
				CLANG_WARN_BLOCK_CAPTURE_AUTORELEASING = YES;
				CLANG_WARN_BOOL_CONVERSION = YES;
				CLANG_WARN_COMMA = YES;
				CLANG_WARN_CONSTANT_CONVERSION = YES;
				CLANG_WARN_DEPRECATED_OBJC_IMPLEMENTATIONS = YES;
				CLANG_WARN_DIRECT_OBJC_ISA_USAGE = YES_ERROR;
				CLANG_WARN_DOCUMENTATION_COMMENTS = YES;
				CLANG_WARN_EMPTY_BODY = YES;
				CLANG_WARN_ENUM_CONVERSION = YES;
				CLANG_WARN_INFINITE_RECURSION = YES;
				CLANG_WARN_INT_CONVERSION = YES;
				CLANG_WARN_NON_LITERAL_NULL_CONVERSION = YES;
				CLANG_WARN_OBJC_IMPLICIT_RETAIN_SELF = YES;
				CLANG_WARN_OBJC_LITERAL_CONVERSION = YES;
				CLANG_WARN_OBJC_ROOT_CLASS = YES_ERROR;
				CLANG_WARN_RANGE_LOOP_ANALYSIS = YES;
				CLANG_WARN_STRICT_PROTOTYPES = YES;
				CLANG_WARN_SUSPICIOUS_MOVE = YES;
				CLANG_WARN_UNGUARDED_AVAILABILITY = YES_AGGRESSIVE;
				CLANG_WARN_UNREACHABLE_CODE = YES;
				CLANG_WARN__DUPLICATE_METHOD_MATCH = YES;
				COPY_PHASE_STRIP = NO;
				DEBUG_INFORMATION_FORMAT = "dwarf-with-dsym";
				ENABLE_NS_ASSERTIONS = NO;
				ENABLE_STRICT_OBJC_MSGSEND = YES;
				GCC_C_LANGUAGE_STANDARD = gnu11;
				GCC_NO_COMMON_BLOCKS = YES;
				GCC_WARN_64_TO_32_BIT_CONVERSION = YES;
				GCC_WARN_ABOUT_RETURN_TYPE = YES_ERROR;
				GCC_WARN_UNDECLARED_SELECTOR = YES;
				GCC_WARN_UNINITIALIZED_AUTOS = YES_AGGRESSIVE;
				GCC_WARN_UNUSED_FUNCTION = YES;
				GCC_WARN_UNUSED_VARIABLE = YES;
				MACOSX_DEPLOYMENT_TARGET = 10.15;
				MTL_ENABLE_DEBUG_INFO = NO;
				MTL_FAST_MATH = YES;
				SDKROOT = macosx;
			};
			name = Release;
		};
		CC0B32362379E63A0059AED5 /* Debug */ = {
			isa = XCBuildConfiguration;
			buildSettings = {
				ASSETCATALOG_COMPILER_APPICON_NAME = AppIcon;
				CODE_SIGN_ENTITLEMENTS = TZXTool/TZXTool.entitlements;
				CODE_SIGN_STYLE = Automatic;
				COMBINE_HIDPI_IMAGES = YES;
				INFOPLIST_FILE = TZXTool/Info.plist;
				LD_RUNPATH_SEARCH_PATHS = (
					"$(inherited)",
					"@executable_path/../Frameworks",
				);
				MACOSX_DEPLOYMENT_TARGET = 10.10;
				PRODUCT_BUNDLE_IDENTIFIER = com.ohcrikey.TZXTool;
				PRODUCT_NAME = "$(TARGET_NAME)";
			};
			name = Debug;
		};
		CC0B32372379E63A0059AED5 /* Release */ = {
			isa = XCBuildConfiguration;
			buildSettings = {
				ASSETCATALOG_COMPILER_APPICON_NAME = AppIcon;
				CODE_SIGN_ENTITLEMENTS = TZXTool/TZXTool.entitlements;
				CODE_SIGN_STYLE = Automatic;
				COMBINE_HIDPI_IMAGES = YES;
				INFOPLIST_FILE = TZXTool/Info.plist;
				LD_RUNPATH_SEARCH_PATHS = (
					"$(inherited)",
					"@executable_path/../Frameworks",
				);
				MACOSX_DEPLOYMENT_TARGET = 10.10;
				PRODUCT_BUNDLE_IDENTIFIER = com.ohcrikey.TZXTool;
				PRODUCT_NAME = "$(TARGET_NAME)";
			};
			name = Release;
		};
/* End XCBuildConfiguration section */

/* Begin XCConfigurationList section */
		CC0B32192379E6390059AED5 /* Build configuration list for PBXProject "TZXTool" */ = {
			isa = XCConfigurationList;
			buildConfigurations = (
				CC0B32332379E63A0059AED5 /* Debug */,
				CC0B32342379E63A0059AED5 /* Release */,
			);
			defaultConfigurationIsVisible = 0;
			defaultConfigurationName = Release;
		};
		CC0B32352379E63A0059AED5 /* Build configuration list for PBXNativeTarget "TZXTool" */ = {
			isa = XCConfigurationList;
			buildConfigurations = (
				CC0B32362379E63A0059AED5 /* Debug */,
				CC0B32372379E63A0059AED5 /* Release */,
			);
			defaultConfigurationIsVisible = 0;
			defaultConfigurationName = Release;
		};
/* End XCConfigurationList section */

/* Begin XCVersionGroup section */
		CC0B32272379E6390059AED5 /* TZXTool.xcdatamodeld */ = {
			isa = XCVersionGroup;
			children = (
				CC0B32282379E6390059AED5 /* TZXTool.xcdatamodel */,
			);
			currentVersion = CC0B32282379E6390059AED5 /* TZXTool.xcdatamodel */;
			path = TZXTool.xcdatamodeld;
			sourceTree = "<group>";
			versionGroupType = wrapper.xcdatamodel;
		};
/* End XCVersionGroup section */
	};
	rootObject = CC0B32162379E6390059AED5 /* Project object */;
}
